github.com/tuxgal/tuxlog v0.4.0 h1:1dGtoW2IxnndxSS+/gMhxR/PyMq4cxvC8NFrSkNCzPE=
github.com/tuxgal/tuxlog v0.4.0/go.mod h1:16+K8SNFIqbWjrB8HyWa1xJvevnVMhmUilN0qVP18dc=
github.com/tuxgal/tuxlogi v0.3.0 h1:7mW/12YheLagTo151/sU0asEyHQgXzsD1kQIJ0+l+3I=
github.com/tuxgal/tuxlogi v0.3.0/go.mod h1:n4k1RR0xTyC6fwtPE7uGsApBgY3xOs4RTIhHUvJ9f3c=
golang.org/x/sys v0.28.0 h1:Fksou7UEQUWlKvIdsqzJmUmCX3cZuD2+P3XyyzwMhlA=
golang.org/x/sys v0.28.0/go.mod h1:/VUhepiaJMQUp4+oa/7Zr1D23ma6VTLIYjOOTFZPUcA=
