github.com/tuxdude/zzzlogi v0.1.1 h1:/YcPkhFzrQlvZR++7v7z42k1l3pgsgMtcrg9QKiEXEU=
github.com/tuxdude/zzzlogi v0.1.1/go.mod h1:pDoI7GNJZuYLZtVx4WL7lOQuECECY+XCHF6Sbv7YvzY=
golang.org/x/sys v0.25.0 h1:r+8e+loiHxRqhXVl6ML1nO3l1+oFoWbnlu2Ehimmi34=
golang.org/x/sys v0.25.0/go.mod h1:/VUhepiaJMQUp4+oa/7Zr1D23ma6VTLIYjOOTFZPUcA=
