github.com/tuxdude/zzzlogi v0.0.0-20220216081404-c6b4527c5d4e h1:M02v0t0pO4YmlfjB29+fCsAkx5U2sCByHnEMNzfXa0E=
github.com/tuxdude/zzzlogi v0.0.0-20220216081404-c6b4527c5d4e/go.mod h1:pDoI7GNJZuYLZtVx4WL7lOQuECECY+XCHF6Sbv7YvzY=
golang.org/x/sys v0.0.0-20220209214540-3681064d5158 h1:rm+CHSpPEEW2IsXUib1ThaHIjuBVZjxNgSKmBLFfD4c=
golang.org/x/sys v0.0.0-20220209214540-3681064d5158/go.mod h1:oPkhp1MJrh7nUepCBck5+mAzfO9JrbApNNgaTdGDITg=
